
Microsoft Visual Studio Solution File, Format Version 12.00
# Visual Studio 2013
VisualStudioVersion = 12.0.40629.0
MinimumVisualStudioVersion = 10.0.40219.1
Project("{FAE04EC0-301F-11D3-BF4B-00C04F79EFBC}") = "lampa", "lampa\lampa.csproj", "{860E9860-6372-4D00-ABB4-E98C96A1C919}"
EndProject
Global
	GlobalSection(SolutionConfigurationPlatforms) = preSolution
		Debug|Any CPU = Debug|Any CPU
		Release|Any CPU = Release|Any CPU
	EndGlobalSection
	GlobalSection(ProjectConfigurationPlatforms) = postSolution
		{860E9860-6372-4D00-ABB4-E98C96A1C919}.Debug|Any CPU.ActiveCfg = Debug|Any CPU
		{860E9860-6372-4D00-ABB4-E98C96A1C919}.Debug|Any CPU.Build.0 = Debug|Any CPU
		{860E9860-6372-4D00-ABB4-E98C96A1C919}.Release|Any CPU.ActiveCfg = Release|Any CPU
		{860E9860-6372-4D00-ABB4-E98C96A1C919}.Release|Any CPU.Build.0 = Release|Any CPU
	EndGlobalSection
	GlobalSection(SolutionProperties) = preSolution
		HideSolutionNode = FALSE
	EndGlobalSection
EndGlobal
